
Microsoft Visual Studio Solution File, Format Version 12.00
# Visual Studio 15
VisualStudioVersion = 15.0.27703.2035
MinimumVisualStudioVersion = 10.0.40219.1
Project("{FAE04EC0-301F-11D3-BF4B-00C04F79EFBC}") = "Lab4", "Lab4\Lab4.csproj", "{16986804-C582-4BA9-B90F-2CA90241B0E7}"
EndProject
Global
	GlobalSection(SolutionConfigurationPlatforms) = preSolution
		Debug|Any CPU = Debug|Any CPU
		Release|Any CPU = Release|Any CPU
	EndGlobalSection
	GlobalSection(ProjectConfigurationPlatforms) = postSolution
		{16986804-C582-4BA9-B90F-2CA90241B0E7}.Debug|Any CPU.ActiveCfg = Debug|Any CPU
		{16986804-C582-4BA9-B90F-2CA90241B0E7}.Debug|Any CPU.Build.0 = Debug|Any CPU
		{16986804-C582-4BA9-B90F-2CA90241B0E7}.Release|Any CPU.ActiveCfg = Release|Any CPU
		{16986804-C582-4BA9-B90F-2CA90241B0E7}.Release|Any CPU.Build.0 = Release|Any CPU
	EndGlobalSection
	GlobalSection(SolutionProperties) = preSolution
		HideSolutionNode = FALSE
	EndGlobalSection
	GlobalSection(ExtensibilityGlobals) = postSolution
		SolutionGuid = {EDB5C9C0-A807-4DB1-BCF5-324C8DD09741}
	EndGlobalSection
EndGlobal
